
Microsoft Visual Studio Solution File, Format Version 12.00
# Visual Studio 15
VisualStudioVersion = 15.0.27428.2037
MinimumVisualStudioVersion = 10.0.40219.1
Project("{FAE04EC0-301F-11D3-BF4B-00C04F79EFBC}") = "Cafe", "Cafe\Cafe.csproj", "{3B5595A9-D937-4F18-AAE6-D8651347F7F1}"
EndProject
Global
	GlobalSection(SolutionConfigurationPlatforms) = preSolution
		Debug|Any CPU = Debug|Any CPU
		Release|Any CPU = Release|Any CPU
	EndGlobalSection
	GlobalSection(ProjectConfigurationPlatforms) = postSolution
		{3B5595A9-D937-4F18-AAE6-D8651347F7F1}.Debug|Any CPU.ActiveCfg = Debug|Any CPU
		{3B5595A9-D937-4F18-AAE6-D8651347F7F1}.Debug|Any CPU.Build.0 = Debug|Any CPU
		{3B5595A9-D937-4F18-AAE6-D8651347F7F1}.Release|Any CPU.ActiveCfg = Release|Any CPU
		{3B5595A9-D937-4F18-AAE6-D8651347F7F1}.Release|Any CPU.Build.0 = Release|Any CPU
	EndGlobalSection
	GlobalSection(SolutionProperties) = preSolution
		HideSolutionNode = FALSE
	EndGlobalSection
	GlobalSection(ExtensibilityGlobals) = postSolution
		SolutionGuid = {7312D5A3-060F-4B05-8096-999D3D0AF204}
	EndGlobalSection
EndGlobal
